<?xml version="1.0" encoding="utf-8"?>
<Project ToolsVersion="4.0" xmlns="http://schemas.microsoft.com/developer/msbuild/2003">
  <ItemGroup>
    <Filter Include="Headers">
      <UniqueIdentifier>{93995380-89BD-4b04-88EB-625FBE52EBFB}</UniqueIdentifier>
      <Extensions>h;hh;hpp;hxx;h++;hm;inl;inc;ipp;xsd</Extensions>
    </Filter>
    <Filter Include="Sources">
      <UniqueIdentifier>{4FC737F1-C7A5-4376-A066-2A32D752A2FF}</UniqueIdentifier>
      <Extensions>cpp;c;cc;cxx;c++;cppm;ixx;def;odl;idl;hpj;bat;asm;asmx</Extensions>
    </Filter>
  </ItemGroup>
  <ItemGroup>
    <ClCompile Include="src\imath\imath.c">
      <Filter>Sources</Filter>
    </ClCompile>
    <ClCompile Include="src\isocline\src\attr.c">
      <Filter>Sources</Filter>
    </ClCompile>
    <ClCompile Include="src\isocline\src\bbcode.c">
      <Filter>Sources</Filter>
    </ClCompile>
    <ClCompile Include="src\isocline\src\bbcode_colors.c">
      <Filter>Sources</Filter>
    </ClCompile>
    <ClCompile Include="src\isocline\src\common.c">
      <Filter>Sources</Filter>
    </ClCompile>
    <ClCompile Include="src\isocline\src\completers.c">
      <Filter>Sources</Filter>
    </ClCompile>
    <ClCompile Include="src\isocline\src\completions.c">
      <Filter>Sources</Filter>
    </ClCompile>
    <ClCompile Include="src\isocline\src\editline.c">
      <Filter>Sources</Filter>
    </ClCompile>
    <ClCompile Include="src\isocline\src\editline_help.c">
      <Filter>Sources</Filter>
    </ClCompile>
    <ClCompile Include="src\isocline\src\editline_history.c">
      <Filter>Sources</Filter>
    </ClCompile>
    <ClCompile Include="src\isocline\src\highlight.c">
      <Filter>Sources</Filter>
    </ClCompile>
    <ClCompile Include="src\isocline\src\isocline.c">
      <Filter>Sources</Filter>
    </ClCompile>
    <ClCompile Include="src\isocline\src\stringbuf.c">
      <Filter>Sources</Filter>
    </ClCompile>
    <ClCompile Include="src\isocline\src\term.c">
      <Filter>Sources</Filter>
    </ClCompile>
    <ClCompile Include="src\isocline\src\tty.c">
      <Filter>Sources</Filter>
    </ClCompile>
    <ClCompile Include="src\isocline\src\tty_esc.c">
      <Filter>Sources</Filter>
    </ClCompile>
    <ClCompile Include="src\isocline\src\undo.c">
      <Filter>Sources</Filter>
    </ClCompile>
    <ClCompile Include="src\isocline\src\wcwidth.c">
      <Filter>Sources</Filter>
    </ClCompile>
    <ClCompile Include="src\sre\re.c">
      <Filter>Sources</Filter>
    </ClCompile>
    <ClCompile Include="src\bags.c">
      <Filter>Sources</Filter>
    </ClCompile>
    <ClCompile Include="src\base64.c">
      <Filter>Sources</Filter>
    </ClCompile>
    <ClCompile Include="src\contrib.c">
      <Filter>Sources</Filter>
    </ClCompile>
    <ClCompile Include="src\control.c">
      <Filter>Sources</Filter>
    </ClCompile>
    <ClCompile Include="src\ffi.c">
      <Filter>Sources</Filter>
    </ClCompile>
    <ClCompile Include="src\format.c">
      <Filter>Sources</Filter>
    </ClCompile>
    <ClCompile Include="src\functions.c">
      <Filter>Sources</Filter>
    </ClCompile>
    <ClCompile Include="src\heap.c">
      <Filter>Sources</Filter>
    </ClCompile>
    <ClCompile Include="src\module.c">
      <Filter>Sources</Filter>
    </ClCompile>
    <ClCompile Include="src\network.c">
      <Filter>Sources</Filter>
    </ClCompile>
    <ClCompile Include="src\parser.c">
      <Filter>Sources</Filter>
    </ClCompile>
    <ClCompile Include="src\posix.c">
      <Filter>Sources</Filter>
    </ClCompile>
    <ClCompile Include="src\predicates.c">
      <Filter>Sources</Filter>
    </ClCompile>
    <ClCompile Include="src\print.c">
      <Filter>Sources</Filter>
    </ClCompile>
    <ClCompile Include="src\prolog.c">
      <Filter>Sources</Filter>
    </ClCompile>
    <ClCompile Include="src\query.c">
      <Filter>Sources</Filter>
    </ClCompile>
    <ClCompile Include="src\skiplist.c">
      <Filter>Sources</Filter>
    </ClCompile>
    <ClCompile Include="src\streams.c">
      <Filter>Sources</Filter>
    </ClCompile>
    <ClCompile Include="src\toplevel.c">
      <Filter>Sources</Filter>
    </ClCompile>
    <ClCompile Include="src\unify.c">
      <Filter>Sources</Filter>
    </ClCompile>
    <ClCompile Include="src\utf8.c">
      <Filter>Sources</Filter>
    </ClCompile>
    <ClCompile Include="src\version.c">
      <Filter>Sources</Filter>
    </ClCompile>
    <ClCompile Include="src\isocline\src\history.c">
      <Filter>Sources</Filter>
    </ClCompile>
    <ClCompile Include="src\historyex.c">
      <Filter>Sources</Filter>
    </ClCompile>
    <ClCompile Include="src\library.c">
      <Filter>Sources</Filter>
    </ClCompile>
    <ClCompile Include="tpl.c">
      <Filter>Sources</Filter>
    </ClCompile>
  </ItemGroup>
  <ItemGroup>
    <ClInclude Include="src\imath\imath.h">
      <Filter>Headers</Filter>
    </ClInclude>
    <ClInclude Include="src\isocline\include\isocline.h">
      <Filter>Headers</Filter>
    </ClInclude>
    <ClInclude Include="src\isocline\src\attr.h">
      <Filter>Headers</Filter>
    </ClInclude>
    <ClInclude Include="src\isocline\src\bbcode.h">
      <Filter>Headers</Filter>
    </ClInclude>
    <ClInclude Include="src\isocline\src\common.h">
      <Filter>Headers</Filter>
    </ClInclude>
    <ClInclude Include="src\isocline\src\completions.h">
      <Filter>Headers</Filter>
    </ClInclude>
    <ClInclude Include="src\isocline\src\env.h">
      <Filter>Headers</Filter>
    </ClInclude>
    <ClInclude Include="src\isocline\src\highlight.h">
      <Filter>Headers</Filter>
    </ClInclude>
    <ClInclude Include="src\isocline\src\history.h">
      <Filter>Headers</Filter>
    </ClInclude>
    <ClInclude Include="src\isocline\src\stringbuf.h">
      <Filter>Headers</Filter>
    </ClInclude>
    <ClInclude Include="src\isocline\src\term.h">
      <Filter>Headers</Filter>
    </ClInclude>
    <ClInclude Include="src\isocline\src\tty.h">
      <Filter>Headers</Filter>
    </ClInclude>
    <ClInclude Include="src\isocline\src\undo.h">
      <Filter>Headers</Filter>
    </ClInclude>
    <ClInclude Include="src\sre\re.h">
      <Filter>Headers</Filter>
    </ClInclude>
    <ClInclude Include="src\win32ports\dirent.h">
      <Filter>Headers</Filter>
    </ClInclude>
    <ClInclude Include="src\win32ports\unistd.h">
      <Filter>Headers</Filter>
    </ClInclude>
    <ClInclude Include="src\win32ports\sys\time.h">
      <Filter>Headers</Filter>
    </ClInclude>
    <ClInclude Include="src\win32ports\sys\wait.h">
      <Filter>Headers</Filter>
    </ClInclude>
    <ClInclude Include="src\base64.h">
      <Filter>Headers</Filter>
    </ClInclude>
    <ClInclude Include="src\builtins.h">
      <Filter>Headers</Filter>
    </ClInclude>
    <ClInclude Include="src\cdebug.h">
      <Filter>Headers</Filter>
    </ClInclude>
    <ClInclude Include="src\heap.h">
      <Filter>Headers</Filter>
    </ClInclude>
    <ClInclude Include="src\history.h">
      <Filter>Headers</Filter>
    </ClInclude>
    <ClInclude Include="src\internal.h">
      <Filter>Headers</Filter>
    </ClInclude>
    <ClInclude Include="src\library.h">
      <Filter>Headers</Filter>
    </ClInclude>
    <ClInclude Include="src\map.h">
      <Filter>Headers</Filter>
    </ClInclude>
    <ClInclude Include="src\module.h">
      <Filter>Headers</Filter>
    </ClInclude>
    <ClInclude Include="src\network.h">
      <Filter>Headers</Filter>
    </ClInclude>
    <ClInclude Include="src\parser.h">
      <Filter>Headers</Filter>
    </ClInclude>
    <ClInclude Include="src\prolog.h">
      <Filter>Headers</Filter>
    </ClInclude>
    <ClInclude Include="src\query.h">
      <Filter>Headers</Filter>
    </ClInclude>
    <ClInclude Include="src\skiplist.h">
      <Filter>Headers</Filter>
    </ClInclude>
    <ClInclude Include="src\stringbuf.h">
      <Filter>Headers</Filter>
    </ClInclude>
    <ClInclude Include="src\trealla.h">
      <Filter>Headers</Filter>
    </ClInclude>
    <ClInclude Include="src\utf8.h">
      <Filter>Headers</Filter>
    </ClInclude>
    <ClInclude Include="src\isocline\include\editline.h">
      <Filter>Headers</Filter>
    </ClInclude>
  </ItemGroup>
</Project>